
Microsoft Visual Studio Solution File, Format Version 12.00
# Visual Studio Version 16
VisualStudioVersion = 16.0.31729.503
MinimumVisualStudioVersion = 10.0.40219.1
Project("{FAE04EC0-301F-11D3-BF4B-00C04F79EFBC}") = "MvcApplication1", "MvcApplication1\MvcApplication1.csproj", "{CAFD060E-4FC2-4CF3-BFCE-48216C3300B2}"
EndProject
Global
	GlobalSection(SolutionConfigurationPlatforms) = preSolution
		Debug|Any CPU = Debug|Any CPU
		Release|Any CPU = Release|Any CPU
	EndGlobalSection
	GlobalSection(ProjectConfigurationPlatforms) = postSolution
		{CAFD060E-4FC2-4CF3-BFCE-48216C3300B2}.Debug|Any CPU.ActiveCfg = Debug|Any CPU
		{CAFD060E-4FC2-4CF3-BFCE-48216C3300B2}.Debug|Any CPU.Build.0 = Debug|Any CPU
		{CAFD060E-4FC2-4CF3-BFCE-48216C3300B2}.Release|Any CPU.ActiveCfg = Release|Any CPU
		{CAFD060E-4FC2-4CF3-BFCE-48216C3300B2}.Release|Any CPU.Build.0 = Release|Any CPU
	EndGlobalSection
	GlobalSection(SolutionProperties) = preSolution
		HideSolutionNode = FALSE
	EndGlobalSection
	GlobalSection(ExtensibilityGlobals) = postSolution
		SolutionGuid = {BB309B34-BE7F-4321-99BA-FD0ACBAD2375}
	EndGlobalSection
EndGlobal
